
Microsoft Visual Studio Solution File, Format Version 12.00
# Visual Studio Version 17
VisualStudioVersion = 17.9.34616.47
MinimumVisualStudioVersion = 10.0.40219.1
Project("{FAE04EC0-301F-11D3-BF4B-00C04F79EFBC}") = "wpf_git", "wpf_git.csproj", "{35B6D8C9-BF5D-40C7-B3E0-E9B3B563C1CD}"
EndProject
Global
	GlobalSection(SolutionConfigurationPlatforms) = preSolution
		Debug|Any CPU = Debug|Any CPU
		Release|Any CPU = Release|Any CPU
	EndGlobalSection
	GlobalSection(ProjectConfigurationPlatforms) = postSolution
		{35B6D8C9-BF5D-40C7-B3E0-E9B3B563C1CD}.Debug|Any CPU.ActiveCfg = Debug|Any CPU
		{35B6D8C9-BF5D-40C7-B3E0-E9B3B563C1CD}.Debug|Any CPU.Build.0 = Debug|Any CPU
		{35B6D8C9-BF5D-40C7-B3E0-E9B3B563C1CD}.Release|Any CPU.ActiveCfg = Release|Any CPU
		{35B6D8C9-BF5D-40C7-B3E0-E9B3B563C1CD}.Release|Any CPU.Build.0 = Release|Any CPU
	EndGlobalSection
	GlobalSection(SolutionProperties) = preSolution
		HideSolutionNode = FALSE
	EndGlobalSection
	GlobalSection(ExtensibilityGlobals) = postSolution
		SolutionGuid = {0CD5CBBF-B789-42C9-89EB-D055E54A5C6E}
	EndGlobalSection
EndGlobal
